
Microsoft Visual Studio Solution File, Format Version 12.00
# Visual Studio 14
VisualStudioVersion = 14.0.23107.0
MinimumVisualStudioVersion = 10.0.40219.1
Project("{FAE04EC0-301F-11D3-BF4B-00C04F79EFBC}") = "GameClient", "GameClient\GameClient.csproj", "{D5FE7309-7142-4E9E-A581-0614AC768966}"
EndProject
Project("{FAE04EC0-301F-11D3-BF4B-00C04F79EFBC}") = "GameServer", "GameServer\GameServer.csproj", "{C9DC5B6C-271D-4637-A82B-80E778EEC376}"
EndProject
Global
	GlobalSection(SubversionScc) = preSolution
		Svn-Managed = True
		Manager = AnkhSVN - Subversion Support for Visual Studio
	EndGlobalSection
	GlobalSection(SolutionConfigurationPlatforms) = preSolution
		Debug|Any CPU = Debug|Any CPU
		Release|Any CPU = Release|Any CPU
	EndGlobalSection
	GlobalSection(ProjectConfigurationPlatforms) = postSolution
		{D5FE7309-7142-4E9E-A581-0614AC768966}.Debug|Any CPU.ActiveCfg = Debug|Any CPU
		{D5FE7309-7142-4E9E-A581-0614AC768966}.Debug|Any CPU.Build.0 = Debug|Any CPU
		{D5FE7309-7142-4E9E-A581-0614AC768966}.Release|Any CPU.ActiveCfg = Release|Any CPU
		{D5FE7309-7142-4E9E-A581-0614AC768966}.Release|Any CPU.Build.0 = Release|Any CPU
		{C9DC5B6C-271D-4637-A82B-80E778EEC376}.Debug|Any CPU.ActiveCfg = Debug|Any CPU
		{C9DC5B6C-271D-4637-A82B-80E778EEC376}.Debug|Any CPU.Build.0 = Debug|Any CPU
		{C9DC5B6C-271D-4637-A82B-80E778EEC376}.Release|Any CPU.ActiveCfg = Release|Any CPU
		{C9DC5B6C-271D-4637-A82B-80E778EEC376}.Release|Any CPU.Build.0 = Release|Any CPU
	EndGlobalSection
	GlobalSection(SolutionProperties) = preSolution
		HideSolutionNode = FALSE
	EndGlobalSection
EndGlobal
