
Microsoft Visual Studio Solution File, Format Version 12.00
# Visual Studio 2013
VisualStudioVersion = 12.0.30501.0
MinimumVisualStudioVersion = 10.0.40219.1
Project("{FAE04EC0-301F-11D3-BF4B-00C04F79EFBC}") = "CMPE2800HimaPanchalICAMultidraw", "CMPE2800HimaPanchalICAMultidraw\CMPE2800HimaPanchalICAMultidraw.csproj", "{37080D10-D4BE-4DA7-831B-B541CB5EA793}"
EndProject
Global
	GlobalSection(SolutionConfigurationPlatforms) = preSolution
		Debug|Any CPU = Debug|Any CPU
		Release|Any CPU = Release|Any CPU
	EndGlobalSection
	GlobalSection(ProjectConfigurationPlatforms) = postSolution
		{37080D10-D4BE-4DA7-831B-B541CB5EA793}.Debug|Any CPU.ActiveCfg = Debug|Any CPU
		{37080D10-D4BE-4DA7-831B-B541CB5EA793}.Debug|Any CPU.Build.0 = Debug|Any CPU
		{37080D10-D4BE-4DA7-831B-B541CB5EA793}.Release|Any CPU.ActiveCfg = Release|Any CPU
		{37080D10-D4BE-4DA7-831B-B541CB5EA793}.Release|Any CPU.Build.0 = Release|Any CPU
	EndGlobalSection
	GlobalSection(SolutionProperties) = preSolution
		HideSolutionNode = FALSE
	EndGlobalSection
EndGlobal
